// !$*UTF8*$!
{
	archiveVersion = 1;
	classes = {
	};
	objectVersion = 50;
	objects = {

/* Begin PBXBuildFile section */
		F4484F8F23BAD041007056D6 /* AppDelegate.swift in Sources */ = {isa = PBXBuildFile; fileRef = F4484F8E23BAD041007056D6 /* AppDelegate.swift */; };
		F4484F9123BAD041007056D6 /* SceneDelegate.swift in Sources */ = {isa = PBXBuildFile; fileRef = F4484F9023BAD041007056D6 /* SceneDelegate.swift */; };
		F4484F9423BAD041007056D6 /* PracticeV1.xcdatamodeld in Sources */ = {isa = PBXBuildFile; fileRef = F4484F9223BAD041007056D6 /* PracticeV1.xcdatamodeld */; };
		F4484F9623BAD041007056D6 /* ContentView.swift in Sources */ = {isa = PBXBuildFile; fileRef = F4484F9523BAD041007056D6 /* ContentView.swift */; };
		F4484F9823BAD042007056D6 /* Assets.xcassets in Resources */ = {isa = PBXBuildFile; fileRef = F4484F9723BAD042007056D6 /* Assets.xcassets */; };
		F4484F9B23BAD042007056D6 /* Preview Assets.xcassets in Resources */ = {isa = PBXBuildFile; fileRef = F4484F9A23BAD042007056D6 /* Preview Assets.xcassets */; };
		F4484F9E23BAD042007056D6 /* LaunchScreen.storyboard in Resources */ = {isa = PBXBuildFile; fileRef = F4484F9C23BAD042007056D6 /* LaunchScreen.storyboard */; };
		F4484FA923BAD043007056D6 /* PracticeV1Tests.swift in Sources */ = {isa = PBXBuildFile; fileRef = F4484FA823BAD043007056D6 /* PracticeV1Tests.swift */; };
		F4484FB423BAD043007056D6 /* PracticeV1UITests.swift in Sources */ = {isa = PBXBuildFile; fileRef = F4484FB323BAD043007056D6 /* PracticeV1UITests.swift */; };
/* End PBXBuildFile section */

/* Begin PBXContainerItemProxy section */
		F4484FA523BAD043007056D6 /* PBXContainerItemProxy */ = {
			isa = PBXContainerItemProxy;
			containerPortal = F4484F8323BAD041007056D6 /* Project object */;
			proxyType = 1;
			remoteGlobalIDString = F4484F8A23BAD041007056D6;
			remoteInfo = PracticeV1;
		};
		F4484FB023BAD043007056D6 /* PBXContainerItemProxy */ = {
			isa = PBXContainerItemProxy;
			containerPortal = F4484F8323BAD041007056D6 /* Project object */;
			proxyType = 1;
			remoteGlobalIDString = F4484F8A23BAD041007056D6;
			remoteInfo = PracticeV1;
		};
/* End PBXContainerItemProxy section */

/* Begin PBXFileReference section */
		F4484F8B23BAD041007056D6 /* PracticeV1.app */ = {isa = PBXFileReference; explicitFileType = wrapper.application; includeInIndex = 0; path = PracticeV1.app; sourceTree = BUILT_PRODUCTS_DIR; };
		F4484F8E23BAD041007056D6 /* AppDelegate.swift */ = {isa = PBXFileReference; lastKnownFileType = sourcecode.swift; path = AppDelegate.swift; sourceTree = "<group>"; };
		F4484F9023BAD041007056D6 /* SceneDelegate.swift */ = {isa = PBXFileReference; lastKnownFileType = sourcecode.swift; path = SceneDelegate.swift; sourceTree = "<group>"; };
		F4484F9323BAD041007056D6 /* PracticeV1.xcdatamodel */ = {isa = PBXFileReference; lastKnownFileType = wrapper.xcdatamodel; path = PracticeV1.xcdatamodel; sourceTree = "<group>"; };
		F4484F9523BAD041007056D6 /* ContentView.swift */ = {isa = PBXFileReference; lastKnownFileType = sourcecode.swift; path = ContentView.swift; sourceTree = "<group>"; };
		F4484F9723BAD042007056D6 /* Assets.xcassets */ = {isa = PBXFileReference; lastKnownFileType = folder.assetcatalog; path = Assets.xcassets; sourceTree = "<group>"; };
		F4484F9A23BAD042007056D6 /* Preview Assets.xcassets */ = {isa = PBXFileReference; lastKnownFileType = folder.assetcatalog; path = "Preview Assets.xcassets"; sourceTree = "<group>"; };
		F4484F9D23BAD042007056D6 /* Base */ = {isa = PBXFileReference; lastKnownFileType = file.storyboard; name = Base; path = Base.lproj/LaunchScreen.storyboard; sourceTree = "<group>"; };
		F4484F9F23BAD042007056D6 /* Info.plist */ = {isa = PBXFileReference; lastKnownFileType = text.plist.xml; path = Info.plist; sourceTree = "<group>"; };
		F4484FA423BAD043007056D6 /* PracticeV1Tests.xctest */ = {isa = PBXFileReference; explicitFileType = wrapper.cfbundle; includeInIndex = 0; path = PracticeV1Tests.xctest; sourceTree = BUILT_PRODUCTS_DIR; };
		F4484FA823BAD043007056D6 /* PracticeV1Tests.swift */ = {isa = PBXFileReference; lastKnownFileType = sourcecode.swift; path = PracticeV1Tests.swift; sourceTree = "<group>"; };
		F4484FAA23BAD043007056D6 /* Info.plist */ = {isa = PBXFileReference; lastKnownFileType = text.plist.xml; path = Info.plist; sourceTree = "<group>"; };
		F4484FAF23BAD043007056D6 /* PracticeV1UITests.xctest */ = {isa = PBXFileReference; explicitFileType = wrapper.cfbundle; includeInIndex = 0; path = PracticeV1UITests.xctest; sourceTree = BUILT_PRODUCTS_DIR; };
		F4484FB323BAD043007056D6 /* PracticeV1UITests.swift */ = {isa = PBXFileReference; lastKnownFileType = sourcecode.swift; path = PracticeV1UITests.swift; sourceTree = "<group>"; };
		F4484FB523BAD043007056D6 /* Info.plist */ = {isa = PBXFileReference; lastKnownFileType = text.plist.xml; path = Info.plist; sourceTree = "<group>"; };
/* End PBXFileReference section */

/* Begin PBXFrameworksBuildPhase section */
		F4484F8823BAD041007056D6 /* Frameworks */ = {
			isa = PBXFrameworksBuildPhase;
			buildActionMask = 2147483647;
			files = (
			);
			runOnlyForDeploymentPostprocessing = 0;
		};
		F4484FA123BAD043007056D6 /* Frameworks */ = {
			isa = PBXFrameworksBuildPhase;
			buildActionMask = 2147483647;
			files = (
			);
			runOnlyForDeploymentPostprocessing = 0;
		};
		F4484FAC23BAD043007056D6 /* Frameworks */ = {
			isa = PBXFrameworksBuildPhase;
			buildActionMask = 2147483647;
			files = (
			);
			runOnlyForDeploymentPostprocessing = 0;
		};
/* End PBXFrameworksBuildPhase section */

/* Begin PBXGroup section */
		F4484F8223BAD041007056D6 = {
			isa = PBXGroup;
			children = (
				F4484F8D23BAD041007056D6 /* PracticeV1 */,
				F4484FA723BAD043007056D6 /* PracticeV1Tests */,
				F4484FB223BAD043007056D6 /* PracticeV1UITests */,
				F4484F8C23BAD041007056D6 /* Products */,
			);
			sourceTree = "<group>";
		};
		F4484F8C23BAD041007056D6 /* Products */ = {
			isa = PBXGroup;
			children = (
				F4484F8B23BAD041007056D6 /* PracticeV1.app */,
				F4484FA423BAD043007056D6 /* PracticeV1Tests.xctest */,
				F4484FAF23BAD043007056D6 /* PracticeV1UITests.xctest */,
			);
			name = Products;
			sourceTree = "<group>";
		};
		F4484F8D23BAD041007056D6 /* PracticeV1 */ = {
			isa = PBXGroup;
			children = (
				F4484F8E23BAD041007056D6 /* AppDelegate.swift */,
				F4484F9023BAD041007056D6 /* SceneDelegate.swift */,
				F4484F9523BAD041007056D6 /* ContentView.swift */,
				F4484F9723BAD042007056D6 /* Assets.xcassets */,
				F4484F9C23BAD042007056D6 /* LaunchScreen.storyboard */,
				F4484F9F23BAD042007056D6 /* Info.plist */,
				F4484F9223BAD041007056D6 /* PracticeV1.xcdatamodeld */,
				F4484F9923BAD042007056D6 /* Preview Content */,
			);
			path = PracticeV1;
			sourceTree = "<group>";
		};
		F4484F9923BAD042007056D6 /* Preview Content */ = {
			isa = PBXGroup;
			children = (
				F4484F9A23BAD042007056D6 /* Preview Assets.xcassets */,
			);
			path = "Preview Content";
			sourceTree = "<group>";
		};
		F4484FA723BAD043007056D6 /* PracticeV1Tests */ = {
			isa = PBXGroup;
			children = (
				F4484FA823BAD043007056D6 /* PracticeV1Tests.swift */,
				F4484FAA23BAD043007056D6 /* Info.plist */,
			);
			path = PracticeV1Tests;
			sourceTree = "<group>";
		};
		F4484FB223BAD043007056D6 /* PracticeV1UITests */ = {
			isa = PBXGroup;
			children = (
				F4484FB323BAD043007056D6 /* PracticeV1UITests.swift */,
				F4484FB523BAD043007056D6 /* Info.plist */,
			);
			path = PracticeV1UITests;
			sourceTree = "<group>";
		};
/* End PBXGroup section */

/* Begin PBXNativeTarget section */
		F4484F8A23BAD041007056D6 /* PracticeV1 */ = {
			isa = PBXNativeTarget;
			buildConfigurationList = F4484FB823BAD043007056D6 /* Build configuration list for PBXNativeTarget "PracticeV1" */;
			buildPhases = (
				F4484F8723BAD041007056D6 /* Sources */,
				F4484F8823BAD041007056D6 /* Frameworks */,
				F4484F8923BAD041007056D6 /* Resources */,
			);
			buildRules = (
			);
			dependencies = (
			);
			name = PracticeV1;
			productName = PracticeV1;
			productReference = F4484F8B23BAD041007056D6 /* PracticeV1.app */;
			productType = "com.apple.product-type.application";
		};
		F4484FA323BAD043007056D6 /* PracticeV1Tests */ = {
			isa = PBXNativeTarget;
			buildConfigurationList = F4484FBB23BAD043007056D6 /* Build configuration list for PBXNativeTarget "PracticeV1Tests" */;
			buildPhases = (
				F4484FA023BAD043007056D6 /* Sources */,
				F4484FA123BAD043007056D6 /* Frameworks */,
				F4484FA223BAD043007056D6 /* Resources */,
			);
			buildRules = (
			);
			dependencies = (
				F4484FA623BAD043007056D6 /* PBXTargetDependency */,
			);
			name = PracticeV1Tests;
			productName = PracticeV1Tests;
			productReference = F4484FA423BAD043007056D6 /* PracticeV1Tests.xctest */;
			productType = "com.apple.product-type.bundle.unit-test";
		};
		F4484FAE23BAD043007056D6 /* PracticeV1UITests */ = {
			isa = PBXNativeTarget;
			buildConfigurationList = F4484FBE23BAD043007056D6 /* Build configuration list for PBXNativeTarget "PracticeV1UITests" */;
			buildPhases = (
				F4484FAB23BAD043007056D6 /* Sources */,
				F4484FAC23BAD043007056D6 /* Frameworks */,
				F4484FAD23BAD043007056D6 /* Resources */,
			);
			buildRules = (
			);
			dependencies = (
				F4484FB123BAD043007056D6 /* PBXTargetDependency */,
			);
			name = PracticeV1UITests;
			productName = PracticeV1UITests;
			productReference = F4484FAF23BAD043007056D6 /* PracticeV1UITests.xctest */;
			productType = "com.apple.product-type.bundle.ui-testing";
		};
/* End PBXNativeTarget section */

/* Begin PBXProject section */
		F4484F8323BAD041007056D6 /* Project object */ = {
			isa = PBXProject;
			attributes = {
				LastSwiftUpdateCheck = 1130;
				LastUpgradeCheck = 1130;
				ORGANIZATIONNAME = "Vinh Nguyen";
				TargetAttributes = {
					F4484F8A23BAD041007056D6 = {
						CreatedOnToolsVersion = 11.3;
					};
					F4484FA323BAD043007056D6 = {
						CreatedOnToolsVersion = 11.3;
						TestTargetID = F4484F8A23BAD041007056D6;
					};
					F4484FAE23BAD043007056D6 = {
						CreatedOnToolsVersion = 11.3;
						TestTargetID = F4484F8A23BAD041007056D6;
					};
				};
			};
			buildConfigurationList = F4484F8623BAD041007056D6 /* Build configuration list for PBXProject "PracticeV1" */;
			compatibilityVersion = "Xcode 9.3";
			developmentRegion = en;
			hasScannedForEncodings = 0;
			knownRegions = (
				en,
				Base,
			);
			mainGroup = F4484F8223BAD041007056D6;
			productRefGroup = F4484F8C23BAD041007056D6 /* Products */;
			projectDirPath = "";
			projectRoot = "";
			targets = (
				F4484F8A23BAD041007056D6 /* PracticeV1 */,
				F4484FA323BAD043007056D6 /* PracticeV1Tests */,
				F4484FAE23BAD043007056D6 /* PracticeV1UITests */,
			);
		};
/* End PBXProject section */

/* Begin PBXResourcesBuildPhase section */
		F4484F8923BAD041007056D6 /* Resources */ = {
			isa = PBXResourcesBuildPhase;
			buildActionMask = 2147483647;
			files = (
				F4484F9E23BAD042007056D6 /* LaunchScreen.storyboard in Resources */,
				F4484F9B23BAD042007056D6 /* Preview Assets.xcassets in Resources */,
				F4484F9823BAD042007056D6 /* Assets.xcassets in Resources */,
			);
			runOnlyForDeploymentPostprocessing = 0;
		};
		F4484FA223BAD043007056D6 /* Resources */ = {
			isa = PBXResourcesBuildPhase;
			buildActionMask = 2147483647;
			files = (
			);
			runOnlyForDeploymentPostprocessing = 0;
		};
		F4484FAD23BAD043007056D6 /* Resources */ = {
			isa = PBXResourcesBuildPhase;
			buildActionMask = 2147483647;
			files = (
			);
			runOnlyForDeploymentPostprocessing = 0;
		};
/* End PBXResourcesBuildPhase section */

/* Begin PBXSourcesBuildPhase section */
		F4484F8723BAD041007056D6 /* Sources */ = {
			isa = PBXSourcesBuildPhase;
			buildActionMask = 2147483647;
			files = (
				F4484F8F23BAD041007056D6 /* AppDelegate.swift in Sources */,
				F4484F9123BAD041007056D6 /* SceneDelegate.swift in Sources */,
				F4484F9623BAD041007056D6 /* ContentView.swift in Sources */,
				F4484F9423BAD041007056D6 /* PracticeV1.xcdatamodeld in Sources */,
			);
			runOnlyForDeploymentPostprocessing = 0;
		};
		F4484FA023BAD043007056D6 /* Sources */ = {
			isa = PBXSourcesBuildPhase;
			buildActionMask = 2147483647;
			files = (
				F4484FA923BAD043007056D6 /* PracticeV1Tests.swift in Sources */,
			);
			runOnlyForDeploymentPostprocessing = 0;
		};
		F4484FAB23BAD043007056D6 /* Sources */ = {
			isa = PBXSourcesBuildPhase;
			buildActionMask = 2147483647;
			files = (
				F4484FB423BAD043007056D6 /* PracticeV1UITests.swift in Sources */,
			);
			runOnlyForDeploymentPostprocessing = 0;
		};
/* End PBXSourcesBuildPhase section */

/* Begin PBXTargetDependency section */
		F4484FA623BAD043007056D6 /* PBXTargetDependency */ = {
			isa = PBXTargetDependency;
			target = F4484F8A23BAD041007056D6 /* PracticeV1 */;
			targetProxy = F4484FA523BAD043007056D6 /* PBXContainerItemProxy */;
		};
		F4484FB123BAD043007056D6 /* PBXTargetDependency */ = {
			isa = PBXTargetDependency;
			target = F4484F8A23BAD041007056D6 /* PracticeV1 */;
			targetProxy = F4484FB023BAD043007056D6 /* PBXContainerItemProxy */;
		};
/* End PBXTargetDependency section */

/* Begin PBXVariantGroup section */
		F4484F9C23BAD042007056D6 /* LaunchScreen.storyboard */ = {
			isa = PBXVariantGroup;
			children = (
				F4484F9D23BAD042007056D6 /* Base */,
			);
			name = LaunchScreen.storyboard;
			sourceTree = "<group>";
		};
/* End PBXVariantGroup section */

/* Begin XCBuildConfiguration section */
		F4484FB623BAD043007056D6 /* Debug */ = {
			isa = XCBuildConfiguration;
			buildSettings = {
				ALWAYS_SEARCH_USER_PATHS = NO;
				CLANG_ANALYZER_NONNULL = YES;
				CLANG_ANALYZER_NUMBER_OBJECT_CONVERSION = YES_AGGRESSIVE;
				CLANG_CXX_LANGUAGE_STANDARD = "gnu++14";
				CLANG_CXX_LIBRARY = "libc++";
				CLANG_ENABLE_MODULES = YES;
				CLANG_ENABLE_OBJC_ARC = YES;
				CLANG_ENABLE_OBJC_WEAK = YES;
				CLANG_WARN_BLOCK_CAPTURE_AUTORELEASING = YES;
				CLANG_WARN_BOOL_CONVERSION = YES;
				CLANG_WARN_COMMA = YES;
				CLANG_WARN_CONSTANT_CONVERSION = YES;
				CLANG_WARN_DEPRECATED_OBJC_IMPLEMENTATIONS = YES;
				CLANG_WARN_DIRECT_OBJC_ISA_USAGE = YES_ERROR;
				CLANG_WARN_DOCUMENTATION_COMMENTS = YES;
				CLANG_WARN_EMPTY_BODY = YES;
				CLANG_WARN_ENUM_CONVERSION = YES;
				CLANG_WARN_INFINITE_RECURSION = YES;
				CLANG_WARN_INT_CONVERSION = YES;
				CLANG_WARN_NON_LITERAL_NULL_CONVERSION = YES;
				CLANG_WARN_OBJC_IMPLICIT_RETAIN_SELF = YES;
				CLANG_WARN_OBJC_LITERAL_CONVERSION = YES;
				CLANG_WARN_OBJC_ROOT_CLASS = YES_ERROR;
				CLANG_WARN_RANGE_LOOP_ANALYSIS = YES;
				CLANG_WARN_STRICT_PROTOTYPES = YES;
				CLANG_WARN_SUSPICIOUS_MOVE = YES;
				CLANG_WARN_UNGUARDED_AVAILABILITY = YES_AGGRESSIVE;
				CLANG_WARN_UNREACHABLE_CODE = YES;
				CLANG_WARN__DUPLICATE_METHOD_MATCH = YES;
				COPY_PHASE_STRIP = NO;
				DEBUG_INFORMATION_FORMAT = dwarf;
				ENABLE_STRICT_OBJC_MSGSEND = YES;
				ENABLE_TESTABILITY = YES;
				GCC_C_LANGUAGE_STANDARD = gnu11;
				GCC_DYNAMIC_NO_PIC = NO;
				GCC_NO_COMMON_BLOCKS = YES;
				GCC_OPTIMIZATION_LEVEL = 0;
				GCC_PREPROCESSOR_DEFINITIONS = (
					"DEBUG=1",
					"$(inherited)",
				);
				GCC_WARN_64_TO_32_BIT_CONVERSION = YES;
				GCC_WARN_ABOUT_RETURN_TYPE = YES_ERROR;
				GCC_WARN_UNDECLARED_SELECTOR = YES;
				GCC_WARN_UNINITIALIZED_AUTOS = YES_AGGRESSIVE;
				GCC_WARN_UNUSED_FUNCTION = YES;
				GCC_WARN_UNUSED_VARIABLE = YES;
				IPHONEOS_DEPLOYMENT_TARGET = 13.2;
				MTL_ENABLE_DEBUG_INFO = INCLUDE_SOURCE;
				MTL_FAST_MATH = YES;
				ONLY_ACTIVE_ARCH = YES;
				SDKROOT = iphoneos;
				SWIFT_ACTIVE_COMPILATION_CONDITIONS = DEBUG;
				SWIFT_OPTIMIZATION_LEVEL = "-Onone";
			};
			name = Debug;
		};
		F4484FB723BAD043007056D6 /* Release */ = {
			isa = XCBuildConfiguration;
			buildSettings = {
				ALWAYS_SEARCH_USER_PATHS = NO;
				CLANG_ANALYZER_NONNULL = YES;
				CLANG_ANALYZER_NUMBER_OBJECT_CONVERSION = YES_AGGRESSIVE;
				CLANG_CXX_LANGUAGE_STANDARD = "gnu++14";
				CLANG_CXX_LIBRARY = "libc++";
				CLANG_ENABLE_MODULES = YES;
				CLANG_ENABLE_OBJC_ARC = YES;
				CLANG_ENABLE_OBJC_WEAK = YES;
				CLANG_WARN_BLOCK_CAPTURE_AUTORELEASING = YES;
				CLANG_WARN_BOOL_CONVERSION = YES;
				CLANG_WARN_COMMA = YES;
				CLANG_WARN_CONSTANT_CONVERSION = YES;
				CLANG_WARN_DEPRECATED_OBJC_IMPLEMENTATIONS = YES;
				CLANG_WARN_DIRECT_OBJC_ISA_USAGE = YES_ERROR;
				CLANG_WARN_DOCUMENTATION_COMMENTS = YES;
				CLANG_WARN_EMPTY_BODY = YES;
				CLANG_WARN_ENUM_CONVERSION = YES;
				CLANG_WARN_INFINITE_RECURSION = YES;
				CLANG_WARN_INT_CONVERSION = YES;
				CLANG_WARN_NON_LITERAL_NULL_CONVERSION = YES;
				CLANG_WARN_OBJC_IMPLICIT_RETAIN_SELF = YES;
				CLANG_WARN_OBJC_LITERAL_CONVERSION = YES;
				CLANG_WARN_OBJC_ROOT_CLASS = YES_ERROR;
				CLANG_WARN_RANGE_LOOP_ANALYSIS = YES;
				CLANG_WARN_STRICT_PROTOTYPES = YES;
				CLANG_WARN_SUSPICIOUS_MOVE = YES;
				CLANG_WARN_UNGUARDED_AVAILABILITY = YES_AGGRESSIVE;
				CLANG_WARN_UNREACHABLE_CODE = YES;
				CLANG_WARN__DUPLICATE_METHOD_MATCH = YES;
				COPY_PHASE_STRIP = NO;
				DEBUG_INFORMATION_FORMAT = "dwarf-with-dsym";
				ENABLE_NS_ASSERTIONS = NO;
				ENABLE_STRICT_OBJC_MSGSEND = YES;
				GCC_C_LANGUAGE_STANDARD = gnu11;
				GCC_NO_COMMON_BLOCKS = YES;
				GCC_WARN_64_TO_32_BIT_CONVERSION = YES;
				GCC_WARN_ABOUT_RETURN_TYPE = YES_ERROR;
				GCC_WARN_UNDECLARED_SELECTOR = YES;
				GCC_WARN_UNINITIALIZED_AUTOS = YES_AGGRESSIVE;
				GCC_WARN_UNUSED_FUNCTION = YES;
				GCC_WARN_UNUSED_VARIABLE = YES;
				IPHONEOS_DEPLOYMENT_TARGET = 13.2;
				MTL_ENABLE_DEBUG_INFO = NO;
				MTL_FAST_MATH = YES;
				SDKROOT = iphoneos;
				SWIFT_COMPILATION_MODE = wholemodule;
				SWIFT_OPTIMIZATION_LEVEL = "-O";
				VALIDATE_PRODUCT = YES;
			};
			name = Release;
		};
		F4484FB923BAD043007056D6 /* Debug */ = {
			isa = XCBuildConfiguration;
			buildSettings = {
				ASSETCATALOG_COMPILER_APPICON_NAME = AppIcon;
				CODE_SIGN_STYLE = Automatic;
				DEVELOPMENT_ASSET_PATHS = "\"PracticeV1/Preview Content\"";
				ENABLE_PREVIEWS = YES;
				INFOPLIST_FILE = PracticeV1/Info.plist;
				LD_RUNPATH_SEARCH_PATHS = (
					"$(inherited)",
					"@executable_path/Frameworks",
				);
				PRODUCT_BUNDLE_IDENTIFIER = "Pioneer-Robotics.PracticeV1";
				PRODUCT_NAME = "$(TARGET_NAME)";
				SWIFT_VERSION = 5.0;
				TARGETED_DEVICE_FAMILY = "1,2";
			};
			name = Debug;
		};
		F4484FBA23BAD043007056D6 /* Release */ = {
			isa = XCBuildConfiguration;
			buildSettings = {
				ASSETCATALOG_COMPILER_APPICON_NAME = AppIcon;
				CODE_SIGN_STYLE = Automatic;
				DEVELOPMENT_ASSET_PATHS = "\"PracticeV1/Preview Content\"";
				ENABLE_PREVIEWS = YES;
				INFOPLIST_FILE = PracticeV1/Info.plist;
				LD_RUNPATH_SEARCH_PATHS = (
					"$(inherited)",
					"@executable_path/Frameworks",
				);
				PRODUCT_BUNDLE_IDENTIFIER = "Pioneer-Robotics.PracticeV1";
				PRODUCT_NAME = "$(TARGET_NAME)";
				SWIFT_VERSION = 5.0;
				TARGETED_DEVICE_FAMILY = "1,2";
			};
			name = Release;
		};
		F4484FBC23BAD043007056D6 /* Debug */ = {
			isa = XCBuildConfiguration;
			buildSettings = {
				ALWAYS_EMBED_SWIFT_STANDARD_LIBRARIES = YES;
				BUNDLE_LOADER = "$(TEST_HOST)";
				CODE_SIGN_STYLE = Automatic;
				INFOPLIST_FILE = PracticeV1Tests/Info.plist;
				IPHONEOS_DEPLOYMENT_TARGET = 13.2;
				LD_RUNPATH_SEARCH_PATHS = (
					"$(inherited)",
					"@executable_path/Frameworks",
					"@loader_path/Frameworks",
				);
				PRODUCT_BUNDLE_IDENTIFIER = "Pioneer-Robotics.PracticeV1Tests";
				PRODUCT_NAME = "$(TARGET_NAME)";
				SWIFT_VERSION = 5.0;
				TARGETED_DEVICE_FAMILY = "1,2";
				TEST_HOST = "$(BUILT_PRODUCTS_DIR)/PracticeV1.app/PracticeV1";
			};
			name = Debug;
		};
		F4484FBD23BAD043007056D6 /* Release */ = {
			isa = XCBuildConfiguration;
			buildSettings = {
				ALWAYS_EMBED_SWIFT_STANDARD_LIBRARIES = YES;
				BUNDLE_LOADER = "$(TEST_HOST)";
				CODE_SIGN_STYLE = Automatic;
				INFOPLIST_FILE = PracticeV1Tests/Info.plist;
				IPHONEOS_DEPLOYMENT_TARGET = 13.2;
				LD_RUNPATH_SEARCH_PATHS = (
					"$(inherited)",
					"@executable_path/Frameworks",
					"@loader_path/Frameworks",
				);
				PRODUCT_BUNDLE_IDENTIFIER = "Pioneer-Robotics.PracticeV1Tests";
				PRODUCT_NAME = "$(TARGET_NAME)";
				SWIFT_VERSION = 5.0;
				TARGETED_DEVICE_FAMILY = "1,2";
				TEST_HOST = "$(BUILT_PRODUCTS_DIR)/PracticeV1.app/PracticeV1";
			};
			name = Release;
		};
		F4484FBF23BAD043007056D6 /* Debug */ = {
			isa = XCBuildConfiguration;
			buildSettings = {
				ALWAYS_EMBED_SWIFT_STANDARD_LIBRARIES = YES;
				CODE_SIGN_STYLE = Automatic;
				INFOPLIST_FILE = PracticeV1UITests/Info.plist;
				LD_RUNPATH_SEARCH_PATHS = (
					"$(inherited)",
					"@executable_path/Frameworks",
					"@loader_path/Frameworks",
				);
				PRODUCT_BUNDLE_IDENTIFIER = "Pioneer-Robotics.PracticeV1UITests";
				PRODUCT_NAME = "$(TARGET_NAME)";
				SWIFT_VERSION = 5.0;
				TARGETED_DEVICE_FAMILY = "1,2";
				TEST_TARGET_NAME = PracticeV1;
			};
			name = Debug;
		};
		F4484FC023BAD043007056D6 /* Release */ = {
			isa = XCBuildConfiguration;
			buildSettings = {
				ALWAYS_EMBED_SWIFT_STANDARD_LIBRARIES = YES;
				CODE_SIGN_STYLE = Automatic;
				INFOPLIST_FILE = PracticeV1UITests/Info.plist;
				LD_RUNPATH_SEARCH_PATHS = (
					"$(inherited)",
					"@executable_path/Frameworks",
					"@loader_path/Frameworks",
				);
				PRODUCT_BUNDLE_IDENTIFIER = "Pioneer-Robotics.PracticeV1UITests";
				PRODUCT_NAME = "$(TARGET_NAME)";
				SWIFT_VERSION = 5.0;
				TARGETED_DEVICE_FAMILY = "1,2";
				TEST_TARGET_NAME = PracticeV1;
			};
			name = Release;
		};
/* End XCBuildConfiguration section */

/* Begin XCConfigurationList section */
		F4484F8623BAD041007056D6 /* Build configuration list for PBXProject "PracticeV1" */ = {
			isa = XCConfigurationList;
			buildConfigurations = (
				F4484FB623BAD043007056D6 /* Debug */,
				F4484FB723BAD043007056D6 /* Release */,
			);
			defaultConfigurationIsVisible = 0;
			defaultConfigurationName = Release;
		};
		F4484FB823BAD043007056D6 /* Build configuration list for PBXNativeTarget "PracticeV1" */ = {
			isa = XCConfigurationList;
			buildConfigurations = (
				F4484FB923BAD043007056D6 /* Debug */,
				F4484FBA23BAD043007056D6 /* Release */,
			);
			defaultConfigurationIsVisible = 0;
			defaultConfigurationName = Release;
		};
		F4484FBB23BAD043007056D6 /* Build configuration list for PBXNativeTarget "PracticeV1Tests" */ = {
			isa = XCConfigurationList;
			buildConfigurations = (
				F4484FBC23BAD043007056D6 /* Debug */,
				F4484FBD23BAD043007056D6 /* Release */,
			);
			defaultConfigurationIsVisible = 0;
			defaultConfigurationName = Release;
		};
		F4484FBE23BAD043007056D6 /* Build configuration list for PBXNativeTarget "PracticeV1UITests" */ = {
			isa = XCConfigurationList;
			buildConfigurations = (
				F4484FBF23BAD043007056D6 /* Debug */,
				F4484FC023BAD043007056D6 /* Release */,
			);
			defaultConfigurationIsVisible = 0;
			defaultConfigurationName = Release;
		};
/* End XCConfigurationList section */

/* Begin XCVersionGroup section */
		F4484F9223BAD041007056D6 /* PracticeV1.xcdatamodeld */ = {
			isa = XCVersionGroup;
			children = (
				F4484F9323BAD041007056D6 /* PracticeV1.xcdatamodel */,
			);
			currentVersion = F4484F9323BAD041007056D6 /* PracticeV1.xcdatamodel */;
			path = PracticeV1.xcdatamodeld;
			sourceTree = "<group>";
			versionGroupType = wrapper.xcdatamodel;
		};
/* End XCVersionGroup section */
	};
	rootObject = F4484F8323BAD041007056D6 /* Project object */;
}
